
Microsoft Visual Studio Solution File, Format Version 12.00
# Visual Studio Version 17
VisualStudioVersion = 17.4.33103.184
MinimumVisualStudioVersion = 10.0.40219.1
Project("{FAE04EC0-301F-11D3-BF4B-00C04F79EFBC}") = "WebRoutingServer", "WebRoutingServer\WebRoutingServer.csproj", "{57B5CA0C-349D-4F70-9B56-E1119C1F0A75}"
EndProject
Global
	GlobalSection(SolutionConfigurationPlatforms) = preSolution
		Debug|Any CPU = Debug|Any CPU
		Release|Any CPU = Release|Any CPU
	EndGlobalSection
	GlobalSection(ProjectConfigurationPlatforms) = postSolution
		{57B5CA0C-349D-4F70-9B56-E1119C1F0A75}.Debug|Any CPU.ActiveCfg = Debug|Any CPU
		{57B5CA0C-349D-4F70-9B56-E1119C1F0A75}.Debug|Any CPU.Build.0 = Debug|Any CPU
		{57B5CA0C-349D-4F70-9B56-E1119C1F0A75}.Release|Any CPU.ActiveCfg = Release|Any CPU
		{57B5CA0C-349D-4F70-9B56-E1119C1F0A75}.Release|Any CPU.Build.0 = Release|Any CPU
	EndGlobalSection
	GlobalSection(SolutionProperties) = preSolution
		HideSolutionNode = FALSE
	EndGlobalSection
	GlobalSection(ExtensibilityGlobals) = postSolution
		SolutionGuid = {21FF4E52-0EBC-4113-AC68-BFDA288810D5}
	EndGlobalSection
EndGlobal
