
Microsoft Visual Studio Solution File, Format Version 12.00
# Visual Studio Version 17
VisualStudioVersion = 17.4.33103.184
MinimumVisualStudioVersion = 10.0.40219.1
Project("{FAE04EC0-301F-11D3-BF4B-00C04F79EFBC}") = "WebRoutingServer", "WebRoutingServer\WebRoutingServer.csproj", "{A546F50D-C0BF-45AB-A137-29E3677A0329}"
EndProject
Global
	GlobalSection(SolutionConfigurationPlatforms) = preSolution
		Debug|Any CPU = Debug|Any CPU
		Release|Any CPU = Release|Any CPU
	EndGlobalSection
	GlobalSection(ProjectConfigurationPlatforms) = postSolution
		{A546F50D-C0BF-45AB-A137-29E3677A0329}.Debug|Any CPU.ActiveCfg = Debug|Any CPU
		{A546F50D-C0BF-45AB-A137-29E3677A0329}.Debug|Any CPU.Build.0 = Debug|Any CPU
		{A546F50D-C0BF-45AB-A137-29E3677A0329}.Release|Any CPU.ActiveCfg = Release|Any CPU
		{A546F50D-C0BF-45AB-A137-29E3677A0329}.Release|Any CPU.Build.0 = Release|Any CPU
	EndGlobalSection
	GlobalSection(SolutionProperties) = preSolution
		HideSolutionNode = FALSE
	EndGlobalSection
	GlobalSection(ExtensibilityGlobals) = postSolution
		SolutionGuid = {2CFDF545-4A59-4010-853B-4C35423352C8}
	EndGlobalSection
EndGlobal
